// !$*UTF8*$!
{
	archiveVersion = 1;
	classes = {
	};
	objectVersion = 46;
	objects = {

/* Begin PBXBuildFile section */
		39B28B361D8A67290050C060 /* AppDelegate.swift in Sources */ = {isa = PBXBuildFile; fileRef = 39B28B351D8A67290050C060 /* AppDelegate.swift */; };
		39B28B381D8A67290050C060 /* ViewController.swift in Sources */ = {isa = PBXBuildFile; fileRef = 39B28B371D8A67290050C060 /* ViewController.swift */; };
		39B28B3B1D8A67290050C060 /* Main.storyboard in Resources */ = {isa = PBXBuildFile; fileRef = 39B28B391D8A67290050C060 /* Main.storyboard */; };
		39B28B3D1D8A67290050C060 /* Assets.xcassets in Resources */ = {isa = PBXBuildFile; fileRef = 39B28B3C1D8A67290050C060 /* Assets.xcassets */; };
		39B28B401D8A67290050C060 /* LaunchScreen.storyboard in Resources */ = {isa = PBXBuildFile; fileRef = 39B28B3E1D8A67290050C060 /* LaunchScreen.storyboard */; };
		39B28B4B1D8A672A0050C060 /* tippyTests.swift in Sources */ = {isa = PBXBuildFile; fileRef = 39B28B4A1D8A672A0050C060 /* tippyTests.swift */; };
		39B28B561D8A672A0050C060 /* tippyUITests.swift in Sources */ = {isa = PBXBuildFile; fileRef = 39B28B551D8A672A0050C060 /* tippyUITests.swift */; };
/* End PBXBuildFile section */

/* Begin PBXContainerItemProxy section */
		39B28B471D8A672A0050C060 /* PBXContainerItemProxy */ = {
			isa = PBXContainerItemProxy;
			containerPortal = 39B28B2A1D8A67290050C060 /* Project object */;
			proxyType = 1;
			remoteGlobalIDString = 39B28B311D8A67290050C060;
			remoteInfo = tippy;
		};
		39B28B521D8A672A0050C060 /* PBXContainerItemProxy */ = {
			isa = PBXContainerItemProxy;
			containerPortal = 39B28B2A1D8A67290050C060 /* Project object */;
			proxyType = 1;
			remoteGlobalIDString = 39B28B311D8A67290050C060;
			remoteInfo = tippy;
		};
/* End PBXContainerItemProxy section */

/* Begin PBXFileReference section */
		39B28B321D8A67290050C060 /* tippy.app */ = {isa = PBXFileReference; explicitFileType = wrapper.application; includeInIndex = 0; path = tippy.app; sourceTree = BUILT_PRODUCTS_DIR; };
		39B28B351D8A67290050C060 /* AppDelegate.swift */ = {isa = PBXFileReference; lastKnownFileType = sourcecode.swift; path = AppDelegate.swift; sourceTree = "<group>"; };
		39B28B371D8A67290050C060 /* ViewController.swift */ = {isa = PBXFileReference; lastKnownFileType = sourcecode.swift; path = ViewController.swift; sourceTree = "<group>"; };
		39B28B3A1D8A67290050C060 /* Base */ = {isa = PBXFileReference; lastKnownFileType = file.storyboard; name = Base; path = Base.lproj/Main.storyboard; sourceTree = "<group>"; };
		39B28B3C1D8A67290050C060 /* Assets.xcassets */ = {isa = PBXFileReference; lastKnownFileType = folder.assetcatalog; path = Assets.xcassets; sourceTree = "<group>"; };
		39B28B3F1D8A67290050C060 /* Base */ = {isa = PBXFileReference; lastKnownFileType = file.storyboard; name = Base; path = Base.lproj/LaunchScreen.storyboard; sourceTree = "<group>"; };
		39B28B411D8A67290050C060 /* Info.plist */ = {isa = PBXFileReference; lastKnownFileType = text.plist.xml; path = Info.plist; sourceTree = "<group>"; };
		39B28B461D8A672A0050C060 /* tippyTests.xctest */ = {isa = PBXFileReference; explicitFileType = wrapper.cfbundle; includeInIndex = 0; path = tippyTests.xctest; sourceTree = BUILT_PRODUCTS_DIR; };
		39B28B4A1D8A672A0050C060 /* tippyTests.swift */ = {isa = PBXFileReference; lastKnownFileType = sourcecode.swift; path = tippyTests.swift; sourceTree = "<group>"; };
		39B28B4C1D8A672A0050C060 /* Info.plist */ = {isa = PBXFileReference; lastKnownFileType = text.plist.xml; path = Info.plist; sourceTree = "<group>"; };
		39B28B511D8A672A0050C060 /* tippyUITests.xctest */ = {isa = PBXFileReference; explicitFileType = wrapper.cfbundle; includeInIndex = 0; path = tippyUITests.xctest; sourceTree = BUILT_PRODUCTS_DIR; };
		39B28B551D8A672A0050C060 /* tippyUITests.swift */ = {isa = PBXFileReference; lastKnownFileType = sourcecode.swift; path = tippyUITests.swift; sourceTree = "<group>"; };
		39B28B571D8A672A0050C060 /* Info.plist */ = {isa = PBXFileReference; lastKnownFileType = text.plist.xml; path = Info.plist; sourceTree = "<group>"; };
/* End PBXFileReference section */

/* Begin PBXFrameworksBuildPhase section */
		39B28B2F1D8A67290050C060 /* Frameworks */ = {
			isa = PBXFrameworksBuildPhase;
			buildActionMask = 2147483647;
			files = (
			);
			runOnlyForDeploymentPostprocessing = 0;
		};
		39B28B431D8A672A0050C060 /* Frameworks */ = {
			isa = PBXFrameworksBuildPhase;
			buildActionMask = 2147483647;
			files = (
			);
			runOnlyForDeploymentPostprocessing = 0;
		};
		39B28B4E1D8A672A0050C060 /* Frameworks */ = {
			isa = PBXFrameworksBuildPhase;
			buildActionMask = 2147483647;
			files = (
			);
			runOnlyForDeploymentPostprocessing = 0;
		};
/* End PBXFrameworksBuildPhase section */

/* Begin PBXGroup section */
		39B28B291D8A67290050C060 = {
			isa = PBXGroup;
			children = (
				39B28B341D8A67290050C060 /* tippy */,
				39B28B491D8A672A0050C060 /* tippyTests */,
				39B28B541D8A672A0050C060 /* tippyUITests */,
				39B28B331D8A67290050C060 /* Products */,
			);
			sourceTree = "<group>";
		};
		39B28B331D8A67290050C060 /* Products */ = {
			isa = PBXGroup;
			children = (
				39B28B321D8A67290050C060 /* tippy.app */,
				39B28B461D8A672A0050C060 /* tippyTests.xctest */,
				39B28B511D8A672A0050C060 /* tippyUITests.xctest */,
			);
			name = Products;
			sourceTree = "<group>";
		};
		39B28B341D8A67290050C060 /* tippy */ = {
			isa = PBXGroup;
			children = (
				39B28B351D8A67290050C060 /* AppDelegate.swift */,
				39B28B371D8A67290050C060 /* ViewController.swift */,
				39B28B391D8A67290050C060 /* Main.storyboard */,
				39B28B3C1D8A67290050C060 /* Assets.xcassets */,
				39B28B3E1D8A67290050C060 /* LaunchScreen.storyboard */,
				39B28B411D8A67290050C060 /* Info.plist */,
			);
			path = tippy;
			sourceTree = "<group>";
		};
		39B28B491D8A672A0050C060 /* tippyTests */ = {
			isa = PBXGroup;
			children = (
				39B28B4A1D8A672A0050C060 /* tippyTests.swift */,
				39B28B4C1D8A672A0050C060 /* Info.plist */,
			);
			path = tippyTests;
			sourceTree = "<group>";
		};
		39B28B541D8A672A0050C060 /* tippyUITests */ = {
			isa = PBXGroup;
			children = (
				39B28B551D8A672A0050C060 /* tippyUITests.swift */,
				39B28B571D8A672A0050C060 /* Info.plist */,
			);
			path = tippyUITests;
			sourceTree = "<group>";
		};
/* End PBXGroup section */

/* Begin PBXNativeTarget section */
		39B28B311D8A67290050C060 /* tippy */ = {
			isa = PBXNativeTarget;
			buildConfigurationList = 39B28B5A1D8A672A0050C060 /* Build configuration list for PBXNativeTarget "tippy" */;
			buildPhases = (
				39B28B2E1D8A67290050C060 /* Sources */,
				39B28B2F1D8A67290050C060 /* Frameworks */,
				39B28B301D8A67290050C060 /* Resources */,
			);
			buildRules = (
			);
			dependencies = (
			);
			name = tippy;
			productName = tippy;
			productReference = 39B28B321D8A67290050C060 /* tippy.app */;
			productType = "com.apple.product-type.application";
		};
		39B28B451D8A672A0050C060 /* tippyTests */ = {
			isa = PBXNativeTarget;
			buildConfigurationList = 39B28B5D1D8A672A0050C060 /* Build configuration list for PBXNativeTarget "tippyTests" */;
			buildPhases = (
				39B28B421D8A672A0050C060 /* Sources */,
				39B28B431D8A672A0050C060 /* Frameworks */,
				39B28B441D8A672A0050C060 /* Resources */,
			);
			buildRules = (
			);
			dependencies = (
				39B28B481D8A672A0050C060 /* PBXTargetDependency */,
			);
			name = tippyTests;
			productName = tippyTests;
			productReference = 39B28B461D8A672A0050C060 /* tippyTests.xctest */;
			productType = "com.apple.product-type.bundle.unit-test";
		};
		39B28B501D8A672A0050C060 /* tippyUITests */ = {
			isa = PBXNativeTarget;
			buildConfigurationList = 39B28B601D8A672A0050C060 /* Build configuration list for PBXNativeTarget "tippyUITests" */;
			buildPhases = (
				39B28B4D1D8A672A0050C060 /* Sources */,
				39B28B4E1D8A672A0050C060 /* Frameworks */,
				39B28B4F1D8A672A0050C060 /* Resources */,
			);
			buildRules = (
			);
			dependencies = (
				39B28B531D8A672A0050C060 /* PBXTargetDependency */,
			);
			name = tippyUITests;
			productName = tippyUITests;
			productReference = 39B28B511D8A672A0050C060 /* tippyUITests.xctest */;
			productType = "com.apple.product-type.bundle.ui-testing";
		};
/* End PBXNativeTarget section */

/* Begin PBXProject section */
		39B28B2A1D8A67290050C060 /* Project object */ = {
			isa = PBXProject;
			attributes = {
				LastSwiftUpdateCheck = 0730;
				LastUpgradeCheck = 0730;
				ORGANIZATIONNAME = "SangHoon Lee";
				TargetAttributes = {
					39B28B311D8A67290050C060 = {
						CreatedOnToolsVersion = 7.3.1;
					};
					39B28B451D8A672A0050C060 = {
						CreatedOnToolsVersion = 7.3.1;
						TestTargetID = 39B28B311D8A67290050C060;
					};
					39B28B501D8A672A0050C060 = {
						CreatedOnToolsVersion = 7.3.1;
						TestTargetID = 39B28B311D8A67290050C060;
					};
				};
			};
			buildConfigurationList = 39B28B2D1D8A67290050C060 /* Build configuration list for PBXProject "tippy" */;
			compatibilityVersion = "Xcode 3.2";
			developmentRegion = English;
			hasScannedForEncodings = 0;
			knownRegions = (
				en,
				Base,
			);
			mainGroup = 39B28B291D8A67290050C060;
			productRefGroup = 39B28B331D8A67290050C060 /* Products */;
			projectDirPath = "";
			projectRoot = "";
			targets = (
				39B28B311D8A67290050C060 /* tippy */,
				39B28B451D8A672A0050C060 /* tippyTests */,
				39B28B501D8A672A0050C060 /* tippyUITests */,
			);
		};
/* End PBXProject section */

/* Begin PBXResourcesBuildPhase section */
		39B28B301D8A67290050C060 /* Resources */ = {
			isa = PBXResourcesBuildPhase;
			buildActionMask = 2147483647;
			files = (
				39B28B401D8A67290050C060 /* LaunchScreen.storyboard in Resources */,
				39B28B3D1D8A67290050C060 /* Assets.xcassets in Resources */,
				39B28B3B1D8A67290050C060 /* Main.storyboard in Resources */,
			);
			runOnlyForDeploymentPostprocessing = 0;
		};
		39B28B441D8A672A0050C060 /* Resources */ = {
			isa = PBXResourcesBuildPhase;
			buildActionMask = 2147483647;
			files = (
			);
			runOnlyForDeploymentPostprocessing = 0;
		};
		39B28B4F1D8A672A0050C060 /* Resources */ = {
			isa = PBXResourcesBuildPhase;
			buildActionMask = 2147483647;
			files = (
			);
			runOnlyForDeploymentPostprocessing = 0;
		};
/* End PBXResourcesBuildPhase section */

/* Begin PBXSourcesBuildPhase section */
		39B28B2E1D8A67290050C060 /* Sources */ = {
			isa = PBXSourcesBuildPhase;
			buildActionMask = 2147483647;
			files = (
				39B28B381D8A67290050C060 /* ViewController.swift in Sources */,
				39B28B361D8A67290050C060 /* AppDelegate.swift in Sources */,
			);
			runOnlyForDeploymentPostprocessing = 0;
		};
		39B28B421D8A672A0050C060 /* Sources */ = {
			isa = PBXSourcesBuildPhase;
			buildActionMask = 2147483647;
			files = (
				39B28B4B1D8A672A0050C060 /* tippyTests.swift in Sources */,
			);
			runOnlyForDeploymentPostprocessing = 0;
		};
		39B28B4D1D8A672A0050C060 /* Sources */ = {
			isa = PBXSourcesBuildPhase;
			buildActionMask = 2147483647;
			files = (
				39B28B561D8A672A0050C060 /* tippyUITests.swift in Sources */,
			);
			runOnlyForDeploymentPostprocessing = 0;
		};
/* End PBXSourcesBuildPhase section */

/* Begin PBXTargetDependency section */
		39B28B481D8A672A0050C060 /* PBXTargetDependency */ = {
			isa = PBXTargetDependency;
			target = 39B28B311D8A67290050C060 /* tippy */;
			targetProxy = 39B28B471D8A672A0050C060 /* PBXContainerItemProxy */;
		};
		39B28B531D8A672A0050C060 /* PBXTargetDependency */ = {
			isa = PBXTargetDependency;
			target = 39B28B311D8A67290050C060 /* tippy */;
			targetProxy = 39B28B521D8A672A0050C060 /* PBXContainerItemProxy */;
		};
/* End PBXTargetDependency section */

/* Begin PBXVariantGroup section */
		39B28B391D8A67290050C060 /* Main.storyboard */ = {
			isa = PBXVariantGroup;
			children = (
				39B28B3A1D8A67290050C060 /* Base */,
			);
			name = Main.storyboard;
			sourceTree = "<group>";
		};
		39B28B3E1D8A67290050C060 /* LaunchScreen.storyboard */ = {
			isa = PBXVariantGroup;
			children = (
				39B28B3F1D8A67290050C060 /* Base */,
			);
			name = LaunchScreen.storyboard;
			sourceTree = "<group>";
		};
/* End PBXVariantGroup section */

/* Begin XCBuildConfiguration section */
		39B28B581D8A672A0050C060 /* Debug */ = {
			isa = XCBuildConfiguration;
			buildSettings = {
				ALWAYS_SEARCH_USER_PATHS = NO;
				CLANG_ANALYZER_NONNULL = YES;
				CLANG_CXX_LANGUAGE_STANDARD = "gnu++0x";
				CLANG_CXX_LIBRARY = "libc++";
				CLANG_ENABLE_MODULES = YES;
				CLANG_ENABLE_OBJC_ARC = YES;
				CLANG_WARN_BOOL_CONVERSION = YES;
				CLANG_WARN_CONSTANT_CONVERSION = YES;
				CLANG_WARN_DIRECT_OBJC_ISA_USAGE = YES_ERROR;
				CLANG_WARN_EMPTY_BODY = YES;
				CLANG_WARN_ENUM_CONVERSION = YES;
				CLANG_WARN_INT_CONVERSION = YES;
				CLANG_WARN_OBJC_ROOT_CLASS = YES_ERROR;
				CLANG_WARN_UNREACHABLE_CODE = YES;
				CLANG_WARN__DUPLICATE_METHOD_MATCH = YES;
				"CODE_SIGN_IDENTITY[sdk=iphoneos*]" = "iPhone Developer";
				COPY_PHASE_STRIP = NO;
				DEBUG_INFORMATION_FORMAT = dwarf;
				ENABLE_STRICT_OBJC_MSGSEND = YES;
				ENABLE_TESTABILITY = YES;
				GCC_C_LANGUAGE_STANDARD = gnu99;
				GCC_DYNAMIC_NO_PIC = NO;
				GCC_NO_COMMON_BLOCKS = YES;
				GCC_OPTIMIZATION_LEVEL = 0;
				GCC_PREPROCESSOR_DEFINITIONS = (
					"DEBUG=1",
					"$(inherited)",
				);
				GCC_WARN_64_TO_32_BIT_CONVERSION = YES;
				GCC_WARN_ABOUT_RETURN_TYPE = YES_ERROR;
				GCC_WARN_UNDECLARED_SELECTOR = YES;
				GCC_WARN_UNINITIALIZED_AUTOS = YES_AGGRESSIVE;
				GCC_WARN_UNUSED_FUNCTION = YES;
				GCC_WARN_UNUSED_VARIABLE = YES;
				IPHONEOS_DEPLOYMENT_TARGET = 9.3;
				MTL_ENABLE_DEBUG_INFO = YES;
				ONLY_ACTIVE_ARCH = YES;
				SDKROOT = iphoneos;
				SWIFT_OPTIMIZATION_LEVEL = "-Onone";
			};
			name = Debug;
		};
		39B28B591D8A672A0050C060 /* Release */ = {
			isa = XCBuildConfiguration;
			buildSettings = {
				ALWAYS_SEARCH_USER_PATHS = NO;
				CLANG_ANALYZER_NONNULL = YES;
				CLANG_CXX_LANGUAGE_STANDARD = "gnu++0x";
				CLANG_CXX_LIBRARY = "libc++";
				CLANG_ENABLE_MODULES = YES;
				CLANG_ENABLE_OBJC_ARC = YES;
				CLANG_WARN_BOOL_CONVERSION = YES;
				CLANG_WARN_CONSTANT_CONVERSION = YES;
				CLANG_WARN_DIRECT_OBJC_ISA_USAGE = YES_ERROR;
				CLANG_WARN_EMPTY_BODY = YES;
				CLANG_WARN_ENUM_CONVERSION = YES;
				CLANG_WARN_INT_CONVERSION = YES;
				CLANG_WARN_OBJC_ROOT_CLASS = YES_ERROR;
				CLANG_WARN_UNREACHABLE_CODE = YES;
				CLANG_WARN__DUPLICATE_METHOD_MATCH = YES;
				"CODE_SIGN_IDENTITY[sdk=iphoneos*]" = "iPhone Developer";
				COPY_PHASE_STRIP = NO;
				DEBUG_INFORMATION_FORMAT = "dwarf-with-dsym";
				ENABLE_NS_ASSERTIONS = NO;
				ENABLE_STRICT_OBJC_MSGSEND = YES;
				GCC_C_LANGUAGE_STANDARD = gnu99;
				GCC_NO_COMMON_BLOCKS = YES;
				GCC_WARN_64_TO_32_BIT_CONVERSION = YES;
				GCC_WARN_ABOUT_RETURN_TYPE = YES_ERROR;
				GCC_WARN_UNDECLARED_SELECTOR = YES;
				GCC_WARN_UNINITIALIZED_AUTOS = YES_AGGRESSIVE;
				GCC_WARN_UNUSED_FUNCTION = YES;
				GCC_WARN_UNUSED_VARIABLE = YES;
				IPHONEOS_DEPLOYMENT_TARGET = 9.3;
				MTL_ENABLE_DEBUG_INFO = NO;
				SDKROOT = iphoneos;
				VALIDATE_PRODUCT = YES;
			};
			name = Release;
		};
		39B28B5B1D8A672A0050C060 /* Debug */ = {
			isa = XCBuildConfiguration;
			buildSettings = {
				ASSETCATALOG_COMPILER_APPICON_NAME = AppIcon;
				INFOPLIST_FILE = tippy/Info.plist;
				LD_RUNPATH_SEARCH_PATHS = "$(inherited) @executable_path/Frameworks";
				PRODUCT_BUNDLE_IDENTIFIER = sanghoon.tippy;
				PRODUCT_NAME = "$(TARGET_NAME)";
			};
			name = Debug;
		};
		39B28B5C1D8A672A0050C060 /* Release */ = {
			isa = XCBuildConfiguration;
			buildSettings = {
				ASSETCATALOG_COMPILER_APPICON_NAME = AppIcon;
				INFOPLIST_FILE = tippy/Info.plist;
				LD_RUNPATH_SEARCH_PATHS = "$(inherited) @executable_path/Frameworks";
				PRODUCT_BUNDLE_IDENTIFIER = sanghoon.tippy;
				PRODUCT_NAME = "$(TARGET_NAME)";
			};
			name = Release;
		};
		39B28B5E1D8A672A0050C060 /* Debug */ = {
			isa = XCBuildConfiguration;
			buildSettings = {
				BUNDLE_LOADER = "$(TEST_HOST)";
				INFOPLIST_FILE = tippyTests/Info.plist;
				LD_RUNPATH_SEARCH_PATHS = "$(inherited) @executable_path/Frameworks @loader_path/Frameworks";
				PRODUCT_BUNDLE_IDENTIFIER = sanghoon.tippyTests;
				PRODUCT_NAME = "$(TARGET_NAME)";
				TEST_HOST = "$(BUILT_PRODUCTS_DIR)/tippy.app/tippy";
			};
			name = Debug;
		};
		39B28B5F1D8A672A0050C060 /* Release */ = {
			isa = XCBuildConfiguration;
			buildSettings = {
				BUNDLE_LOADER = "$(TEST_HOST)";
				INFOPLIST_FILE = tippyTests/Info.plist;
				LD_RUNPATH_SEARCH_PATHS = "$(inherited) @executable_path/Frameworks @loader_path/Frameworks";
				PRODUCT_BUNDLE_IDENTIFIER = sanghoon.tippyTests;
				PRODUCT_NAME = "$(TARGET_NAME)";
				TEST_HOST = "$(BUILT_PRODUCTS_DIR)/tippy.app/tippy";
			};
			name = Release;
		};
		39B28B611D8A672A0050C060 /* Debug */ = {
			isa = XCBuildConfiguration;
			buildSettings = {
				INFOPLIST_FILE = tippyUITests/Info.plist;
				LD_RUNPATH_SEARCH_PATHS = "$(inherited) @executable_path/Frameworks @loader_path/Frameworks";
				PRODUCT_BUNDLE_IDENTIFIER = sanghoon.tippyUITests;
				PRODUCT_NAME = "$(TARGET_NAME)";
				TEST_TARGET_NAME = tippy;
			};
			name = Debug;
		};
		39B28B621D8A672A0050C060 /* Release */ = {
			isa = XCBuildConfiguration;
			buildSettings = {
				INFOPLIST_FILE = tippyUITests/Info.plist;
				LD_RUNPATH_SEARCH_PATHS = "$(inherited) @executable_path/Frameworks @loader_path/Frameworks";
				PRODUCT_BUNDLE_IDENTIFIER = sanghoon.tippyUITests;
				PRODUCT_NAME = "$(TARGET_NAME)";
				TEST_TARGET_NAME = tippy;
			};
			name = Release;
		};
/* End XCBuildConfiguration section */

/* Begin XCConfigurationList section */
		39B28B2D1D8A67290050C060 /* Build configuration list for PBXProject "tippy" */ = {
			isa = XCConfigurationList;
			buildConfigurations = (
				39B28B581D8A672A0050C060 /* Debug */,
				39B28B591D8A672A0050C060 /* Release */,
			);
			defaultConfigurationIsVisible = 0;
			defaultConfigurationName = Release;
		};
		39B28B5A1D8A672A0050C060 /* Build configuration list for PBXNativeTarget "tippy" */ = {
			isa = XCConfigurationList;
			buildConfigurations = (
				39B28B5B1D8A672A0050C060 /* Debug */,
				39B28B5C1D8A672A0050C060 /* Release */,
			);
			defaultConfigurationIsVisible = 0;
		};
		39B28B5D1D8A672A0050C060 /* Build configuration list for PBXNativeTarget "tippyTests" */ = {
			isa = XCConfigurationList;
			buildConfigurations = (
				39B28B5E1D8A672A0050C060 /* Debug */,
				39B28B5F1D8A672A0050C060 /* Release */,
			);
			defaultConfigurationIsVisible = 0;
		};
		39B28B601D8A672A0050C060 /* Build configuration list for PBXNativeTarget "tippyUITests" */ = {
			isa = XCConfigurationList;
			buildConfigurations = (
				39B28B611D8A672A0050C060 /* Debug */,
				39B28B621D8A672A0050C060 /* Release */,
			);
			defaultConfigurationIsVisible = 0;
		};
/* End XCConfigurationList section */
	};
	rootObject = 39B28B2A1D8A67290050C060 /* Project object */;
}
